{
  "name": "vscode-language-pack-ru",
  "version": "1.93.2024082109",
  "lockfileVersion": 3,
  "requires": true,
  "packages": {
    "": {
      "name": "vscode-language-pack-ru",
      "version": "1.93.2024082109",
      "license": "SEE MIT LICENSE IN LICENSE.md",
      "engines": {
        "vscode": "^1.93.0"
      }
    }
  }
}
